
Microsoft Visual Studio Solution File, Format Version 12.00
# Visual Studio 15
VisualStudioVersion = 15.0.28010.2016
MinimumVisualStudioVersion = 10.0.40219.1
Project("{9A19103F-16F7-4668-BE54-9A1E7A4F7556}") = "SamaritanCore", "SamaritanCore\SamaritanCore.csproj", "{06A72A65-63C5-45BB-9AE3-AD32B0251D9F}"
EndProject
Project("{FAE04EC0-301F-11D3-BF4B-00C04F79EFBC}") = "SamaritanCore.DataModel", "SamaritanCore.DataModel\SamaritanCore.DataModel.csproj", "{29320648-1351-43D1-9629-D754171D0157}"
EndProject
Global
	GlobalSection(SolutionConfigurationPlatforms) = preSolution
		Debug|Any CPU = Debug|Any CPU
		Release|Any CPU = Release|Any CPU
	EndGlobalSection
	GlobalSection(ProjectConfigurationPlatforms) = postSolution
		{06A72A65-63C5-45BB-9AE3-AD32B0251D9F}.Debug|Any CPU.ActiveCfg = Debug|Any CPU
		{06A72A65-63C5-45BB-9AE3-AD32B0251D9F}.Debug|Any CPU.Build.0 = Debug|Any CPU
		{06A72A65-63C5-45BB-9AE3-AD32B0251D9F}.Release|Any CPU.ActiveCfg = Release|Any CPU
		{06A72A65-63C5-45BB-9AE3-AD32B0251D9F}.Release|Any CPU.Build.0 = Release|Any CPU
		{29320648-1351-43D1-9629-D754171D0157}.Debug|Any CPU.ActiveCfg = Debug|Any CPU
		{29320648-1351-43D1-9629-D754171D0157}.Debug|Any CPU.Build.0 = Debug|Any CPU
		{29320648-1351-43D1-9629-D754171D0157}.Release|Any CPU.ActiveCfg = Release|Any CPU
		{29320648-1351-43D1-9629-D754171D0157}.Release|Any CPU.Build.0 = Release|Any CPU
	EndGlobalSection
	GlobalSection(SolutionProperties) = preSolution
		HideSolutionNode = FALSE
	EndGlobalSection
	GlobalSection(ExtensibilityGlobals) = postSolution
		SolutionGuid = {AB991BBF-D37F-459D-8492-179791E7F7E6}
	EndGlobalSection
EndGlobal
